
Microsoft Visual Studio Solution File, Format Version 12.00
# Visual Studio Version 16
VisualStudioVersion = 16.0.29728.190
MinimumVisualStudioVersion = 10.0.40219.1
Project("{FAE04EC0-301F-11D3-BF4B-00C04F79EFBC}") = "Hospitality eReg", "Hospitality eReg\Hospitality eReg.csproj", "{DF9C15F7-D5A6-4B06-9AD4-419BB962DCAD}"
EndProject
Project("{2150E333-8FDC-42A3-9474-1A3956D46DE8}") = ".nuget", ".nuget", "{64FCB9B4-5318-4F1F-BAB3-BDBC3D45ED71}"
	ProjectSection(SolutionItems) = preProject
		.nuget\packages.config = .nuget\packages.config
	EndProjectSection
EndProject
Global
	GlobalSection(SolutionConfigurationPlatforms) = preSolution
		Debug|Any CPU = Debug|Any CPU
		Release|Any CPU = Release|Any CPU
	EndGlobalSection
	GlobalSection(ProjectConfigurationPlatforms) = postSolution
		{DF9C15F7-D5A6-4B06-9AD4-419BB962DCAD}.Debug|Any CPU.ActiveCfg = Debug|Any CPU
		{DF9C15F7-D5A6-4B06-9AD4-419BB962DCAD}.Debug|Any CPU.Build.0 = Debug|Any CPU
		{DF9C15F7-D5A6-4B06-9AD4-419BB962DCAD}.Release|Any CPU.ActiveCfg = Release|Any CPU
		{DF9C15F7-D5A6-4B06-9AD4-419BB962DCAD}.Release|Any CPU.Build.0 = Release|Any CPU
	EndGlobalSection
	GlobalSection(SolutionProperties) = preSolution
		HideSolutionNode = FALSE
	EndGlobalSection
	GlobalSection(ExtensibilityGlobals) = postSolution
		SolutionGuid = {E016B9E6-AF47-4A7B-811F-A2EFD5A6FB3B}
	EndGlobalSection
EndGlobal
